// !$*UTF8*$!
{
	archiveVersion = 1;
	classes = {
	};
	objectVersion = 46;
	objects = {

/* Begin PBXBuildFile section */
		188C67811B098FB300323C03 /* main.m in Sources */ = {isa = PBXBuildFile; fileRef = 188C67801B098FB300323C03 /* main.m */; };
		188C67841B098FB300323C03 /* AppDelegate.m in Sources */ = {isa = PBXBuildFile; fileRef = 188C67831B098FB300323C03 /* AppDelegate.m */; };
		188C67871B098FB300323C03 /* ViewController.m in Sources */ = {isa = PBXBuildFile; fileRef = 188C67861B098FB300323C03 /* ViewController.m */; };
		188C678A1B098FB300323C03 /* Main.storyboard in Resources */ = {isa = PBXBuildFile; fileRef = 188C67881B098FB300323C03 /* Main.storyboard */; };
		188C678C1B098FB300323C03 /* Images.xcassets in Resources */ = {isa = PBXBuildFile; fileRef = 188C678B1B098FB300323C03 /* Images.xcassets */; };
		188C678F1B098FB300323C03 /* LaunchScreen.xib in Resources */ = {isa = PBXBuildFile; fileRef = 188C678D1B098FB300323C03 /* LaunchScreen.xib */; };
		188C679B1B098FB300323C03 /* DKGradingViewTests.m in Sources */ = {isa = PBXBuildFile; fileRef = 188C679A1B098FB300323C03 /* DKGradingViewTests.m */; };
		188C67A71B098FD300323C03 /* DKGradingView.m in Sources */ = {isa = PBXBuildFile; fileRef = 188C67A61B098FD300323C03 /* DKGradingView.m */; };
/* End PBXBuildFile section */

/* Begin PBXContainerItemProxy section */
		188C67951B098FB300323C03 /* PBXContainerItemProxy */ = {
			isa = PBXContainerItemProxy;
			containerPortal = 188C67731B098FB300323C03 /* Project object */;
			proxyType = 1;
			remoteGlobalIDString = 188C677A1B098FB300323C03;
			remoteInfo = DKGradingView;
		};
/* End PBXContainerItemProxy section */

/* Begin PBXFileReference section */
		188C677B1B098FB300323C03 /* DKGradingView.app */ = {isa = PBXFileReference; explicitFileType = wrapper.application; includeInIndex = 0; path = DKGradingView.app; sourceTree = BUILT_PRODUCTS_DIR; };
		188C677F1B098FB300323C03 /* Info.plist */ = {isa = PBXFileReference; lastKnownFileType = text.plist.xml; path = Info.plist; sourceTree = "<group>"; };
		188C67801B098FB300323C03 /* main.m */ = {isa = PBXFileReference; lastKnownFileType = sourcecode.c.objc; path = main.m; sourceTree = "<group>"; };
		188C67821B098FB300323C03 /* AppDelegate.h */ = {isa = PBXFileReference; lastKnownFileType = sourcecode.c.h; path = AppDelegate.h; sourceTree = "<group>"; };
		188C67831B098FB300323C03 /* AppDelegate.m */ = {isa = PBXFileReference; lastKnownFileType = sourcecode.c.objc; path = AppDelegate.m; sourceTree = "<group>"; };
		188C67851B098FB300323C03 /* ViewController.h */ = {isa = PBXFileReference; lastKnownFileType = sourcecode.c.h; path = ViewController.h; sourceTree = "<group>"; };
		188C67861B098FB300323C03 /* ViewController.m */ = {isa = PBXFileReference; lastKnownFileType = sourcecode.c.objc; path = ViewController.m; sourceTree = "<group>"; };
		188C67891B098FB300323C03 /* Base */ = {isa = PBXFileReference; lastKnownFileType = file.storyboard; name = Base; path = Base.lproj/Main.storyboard; sourceTree = "<group>"; };
		188C678B1B098FB300323C03 /* Images.xcassets */ = {isa = PBXFileReference; lastKnownFileType = folder.assetcatalog; path = Images.xcassets; sourceTree = "<group>"; };
		188C678E1B098FB300323C03 /* Base */ = {isa = PBXFileReference; lastKnownFileType = file.xib; name = Base; path = Base.lproj/LaunchScreen.xib; sourceTree = "<group>"; };
		188C67941B098FB300323C03 /* DKGradingViewTests.xctest */ = {isa = PBXFileReference; explicitFileType = wrapper.cfbundle; includeInIndex = 0; path = DKGradingViewTests.xctest; sourceTree = BUILT_PRODUCTS_DIR; };
		188C67991B098FB300323C03 /* Info.plist */ = {isa = PBXFileReference; lastKnownFileType = text.plist.xml; path = Info.plist; sourceTree = "<group>"; };
		188C679A1B098FB300323C03 /* DKGradingViewTests.m */ = {isa = PBXFileReference; lastKnownFileType = sourcecode.c.objc; path = DKGradingViewTests.m; sourceTree = "<group>"; };
		188C67A51B098FD300323C03 /* DKGradingView.h */ = {isa = PBXFileReference; fileEncoding = 4; lastKnownFileType = sourcecode.c.h; path = DKGradingView.h; sourceTree = "<group>"; };
		188C67A61B098FD300323C03 /* DKGradingView.m */ = {isa = PBXFileReference; fileEncoding = 4; lastKnownFileType = sourcecode.c.objc; path = DKGradingView.m; sourceTree = "<group>"; };
/* End PBXFileReference section */

/* Begin PBXFrameworksBuildPhase section */
		188C67781B098FB300323C03 /* Frameworks */ = {
			isa = PBXFrameworksBuildPhase;
			buildActionMask = 2147483647;
			files = (
			);
			runOnlyForDeploymentPostprocessing = 0;
		};
		188C67911B098FB300323C03 /* Frameworks */ = {
			isa = PBXFrameworksBuildPhase;
			buildActionMask = 2147483647;
			files = (
			);
			runOnlyForDeploymentPostprocessing = 0;
		};
/* End PBXFrameworksBuildPhase section */

/* Begin PBXGroup section */
		188C67721B098FB300323C03 = {
			isa = PBXGroup;
			children = (
				188C677D1B098FB300323C03 /* DKGradingView */,
				188C67971B098FB300323C03 /* DKGradingViewTests */,
				188C677C1B098FB300323C03 /* Products */,
			);
			sourceTree = "<group>";
		};
		188C677C1B098FB300323C03 /* Products */ = {
			isa = PBXGroup;
			children = (
				188C677B1B098FB300323C03 /* DKGradingView.app */,
				188C67941B098FB300323C03 /* DKGradingViewTests.xctest */,
			);
			name = Products;
			sourceTree = "<group>";
		};
		188C677D1B098FB300323C03 /* DKGradingView */ = {
			isa = PBXGroup;
			children = (
				188C67A41B098FC300323C03 /* Classes */,
				188C67821B098FB300323C03 /* AppDelegate.h */,
				188C67831B098FB300323C03 /* AppDelegate.m */,
				188C67851B098FB300323C03 /* ViewController.h */,
				188C67861B098FB300323C03 /* ViewController.m */,
				188C67881B098FB300323C03 /* Main.storyboard */,
				188C678B1B098FB300323C03 /* Images.xcassets */,
				188C678D1B098FB300323C03 /* LaunchScreen.xib */,
				188C677E1B098FB300323C03 /* Supporting Files */,
			);
			path = DKGradingView;
			sourceTree = "<group>";
		};
		188C677E1B098FB300323C03 /* Supporting Files */ = {
			isa = PBXGroup;
			children = (
				188C677F1B098FB300323C03 /* Info.plist */,
				188C67801B098FB300323C03 /* main.m */,
			);
			name = "Supporting Files";
			sourceTree = "<group>";
		};
		188C67971B098FB300323C03 /* DKGradingViewTests */ = {
			isa = PBXGroup;
			children = (
				188C679A1B098FB300323C03 /* DKGradingViewTests.m */,
				188C67981B098FB300323C03 /* Supporting Files */,
			);
			path = DKGradingViewTests;
			sourceTree = "<group>";
		};
		188C67981B098FB300323C03 /* Supporting Files */ = {
			isa = PBXGroup;
			children = (
				188C67991B098FB300323C03 /* Info.plist */,
			);
			name = "Supporting Files";
			sourceTree = "<group>";
		};
		188C67A41B098FC300323C03 /* Classes */ = {
			isa = PBXGroup;
			children = (
				188C67A51B098FD300323C03 /* DKGradingView.h */,
				188C67A61B098FD300323C03 /* DKGradingView.m */,
			);
			path = Classes;
			sourceTree = SOURCE_ROOT;
		};
/* End PBXGroup section */

/* Begin PBXNativeTarget section */
		188C677A1B098FB300323C03 /* DKGradingView */ = {
			isa = PBXNativeTarget;
			buildConfigurationList = 188C679E1B098FB300323C03 /* Build configuration list for PBXNativeTarget "DKGradingView" */;
			buildPhases = (
				188C67771B098FB300323C03 /* Sources */,
				188C67781B098FB300323C03 /* Frameworks */,
				188C67791B098FB300323C03 /* Resources */,
			);
			buildRules = (
			);
			dependencies = (
			);
			name = DKGradingView;
			productName = DKGradingView;
			productReference = 188C677B1B098FB300323C03 /* DKGradingView.app */;
			productType = "com.apple.product-type.application";
		};
		188C67931B098FB300323C03 /* DKGradingViewTests */ = {
			isa = PBXNativeTarget;
			buildConfigurationList = 188C67A11B098FB300323C03 /* Build configuration list for PBXNativeTarget "DKGradingViewTests" */;
			buildPhases = (
				188C67901B098FB300323C03 /* Sources */,
				188C67911B098FB300323C03 /* Frameworks */,
				188C67921B098FB300323C03 /* Resources */,
			);
			buildRules = (
			);
			dependencies = (
				188C67961B098FB300323C03 /* PBXTargetDependency */,
			);
			name = DKGradingViewTests;
			productName = DKGradingViewTests;
			productReference = 188C67941B098FB300323C03 /* DKGradingViewTests.xctest */;
			productType = "com.apple.product-type.bundle.unit-test";
		};
/* End PBXNativeTarget section */

/* Begin PBXProject section */
		188C67731B098FB300323C03 /* Project object */ = {
			isa = PBXProject;
			attributes = {
				LastUpgradeCheck = 0630;
				ORGANIZATIONNAME = DeltaX;
				TargetAttributes = {
					188C677A1B098FB300323C03 = {
						CreatedOnToolsVersion = 6.3;
					};
					188C67931B098FB300323C03 = {
						CreatedOnToolsVersion = 6.3;
						TestTargetID = 188C677A1B098FB300323C03;
					};
				};
			};
			buildConfigurationList = 188C67761B098FB300323C03 /* Build configuration list for PBXProject "DKGradingView" */;
			compatibilityVersion = "Xcode 3.2";
			developmentRegion = English;
			hasScannedForEncodings = 0;
			knownRegions = (
				en,
				Base,
			);
			mainGroup = 188C67721B098FB300323C03;
			productRefGroup = 188C677C1B098FB300323C03 /* Products */;
			projectDirPath = "";
			projectRoot = "";
			targets = (
				188C677A1B098FB300323C03 /* DKGradingView */,
				188C67931B098FB300323C03 /* DKGradingViewTests */,
			);
		};
/* End PBXProject section */

/* Begin PBXResourcesBuildPhase section */
		188C67791B098FB300323C03 /* Resources */ = {
			isa = PBXResourcesBuildPhase;
			buildActionMask = 2147483647;
			files = (
				188C678A1B098FB300323C03 /* Main.storyboard in Resources */,
				188C678F1B098FB300323C03 /* LaunchScreen.xib in Resources */,
				188C678C1B098FB300323C03 /* Images.xcassets in Resources */,
			);
			runOnlyForDeploymentPostprocessing = 0;
		};
		188C67921B098FB300323C03 /* Resources */ = {
			isa = PBXResourcesBuildPhase;
			buildActionMask = 2147483647;
			files = (
			);
			runOnlyForDeploymentPostprocessing = 0;
		};
/* End PBXResourcesBuildPhase section */

/* Begin PBXSourcesBuildPhase section */
		188C67771B098FB300323C03 /* Sources */ = {
			isa = PBXSourcesBuildPhase;
			buildActionMask = 2147483647;
			files = (
				188C67A71B098FD300323C03 /* DKGradingView.m in Sources */,
				188C67871B098FB300323C03 /* ViewController.m in Sources */,
				188C67841B098FB300323C03 /* AppDelegate.m in Sources */,
				188C67811B098FB300323C03 /* main.m in Sources */,
			);
			runOnlyForDeploymentPostprocessing = 0;
		};
		188C67901B098FB300323C03 /* Sources */ = {
			isa = PBXSourcesBuildPhase;
			buildActionMask = 2147483647;
			files = (
				188C679B1B098FB300323C03 /* DKGradingViewTests.m in Sources */,
			);
			runOnlyForDeploymentPostprocessing = 0;
		};
/* End PBXSourcesBuildPhase section */

/* Begin PBXTargetDependency section */
		188C67961B098FB300323C03 /* PBXTargetDependency */ = {
			isa = PBXTargetDependency;
			target = 188C677A1B098FB300323C03 /* DKGradingView */;
			targetProxy = 188C67951B098FB300323C03 /* PBXContainerItemProxy */;
		};
/* End PBXTargetDependency section */

/* Begin PBXVariantGroup section */
		188C67881B098FB300323C03 /* Main.storyboard */ = {
			isa = PBXVariantGroup;
			children = (
				188C67891B098FB300323C03 /* Base */,
			);
			name = Main.storyboard;
			sourceTree = "<group>";
		};
		188C678D1B098FB300323C03 /* LaunchScreen.xib */ = {
			isa = PBXVariantGroup;
			children = (
				188C678E1B098FB300323C03 /* Base */,
			);
			name = LaunchScreen.xib;
			sourceTree = "<group>";
		};
/* End PBXVariantGroup section */

/* Begin XCBuildConfiguration section */
		188C679C1B098FB300323C03 /* Debug */ = {
			isa = XCBuildConfiguration;
			buildSettings = {
				ALWAYS_SEARCH_USER_PATHS = NO;
				CLANG_CXX_LANGUAGE_STANDARD = "gnu++0x";
				CLANG_CXX_LIBRARY = "libc++";
				CLANG_ENABLE_MODULES = YES;
				CLANG_ENABLE_OBJC_ARC = YES;
				CLANG_WARN_BOOL_CONVERSION = YES;
				CLANG_WARN_CONSTANT_CONVERSION = YES;
				CLANG_WARN_DIRECT_OBJC_ISA_USAGE = YES_ERROR;
				CLANG_WARN_EMPTY_BODY = YES;
				CLANG_WARN_ENUM_CONVERSION = YES;
				CLANG_WARN_INT_CONVERSION = YES;
				CLANG_WARN_OBJC_ROOT_CLASS = YES_ERROR;
				CLANG_WARN_UNREACHABLE_CODE = YES;
				CLANG_WARN__DUPLICATE_METHOD_MATCH = YES;
				"CODE_SIGN_IDENTITY[sdk=iphoneos*]" = "iPhone Developer";
				COPY_PHASE_STRIP = NO;
				DEBUG_INFORMATION_FORMAT = "dwarf-with-dsym";
				ENABLE_STRICT_OBJC_MSGSEND = YES;
				GCC_C_LANGUAGE_STANDARD = gnu99;
				GCC_DYNAMIC_NO_PIC = NO;
				GCC_NO_COMMON_BLOCKS = YES;
				GCC_OPTIMIZATION_LEVEL = 0;
				GCC_PREPROCESSOR_DEFINITIONS = (
					"DEBUG=1",
					"$(inherited)",
				);
				GCC_SYMBOLS_PRIVATE_EXTERN = NO;
				GCC_WARN_64_TO_32_BIT_CONVERSION = YES;
				GCC_WARN_ABOUT_RETURN_TYPE = YES_ERROR;
				GCC_WARN_UNDECLARED_SELECTOR = YES;
				GCC_WARN_UNINITIALIZED_AUTOS = YES_AGGRESSIVE;
				GCC_WARN_UNUSED_FUNCTION = YES;
				GCC_WARN_UNUSED_VARIABLE = YES;
				IPHONEOS_DEPLOYMENT_TARGET = 8.3;
				MTL_ENABLE_DEBUG_INFO = YES;
				ONLY_ACTIVE_ARCH = YES;
				SDKROOT = iphoneos;
			};
			name = Debug;
		};
		188C679D1B098FB300323C03 /* Release */ = {
			isa = XCBuildConfiguration;
			buildSettings = {
				ALWAYS_SEARCH_USER_PATHS = NO;
				CLANG_CXX_LANGUAGE_STANDARD = "gnu++0x";
				CLANG_CXX_LIBRARY = "libc++";
				CLANG_ENABLE_MODULES = YES;
				CLANG_ENABLE_OBJC_ARC = YES;
				CLANG_WARN_BOOL_CONVERSION = YES;
				CLANG_WARN_CONSTANT_CONVERSION = YES;
				CLANG_WARN_DIRECT_OBJC_ISA_USAGE = YES_ERROR;
				CLANG_WARN_EMPTY_BODY = YES;
				CLANG_WARN_ENUM_CONVERSION = YES;
				CLANG_WARN_INT_CONVERSION = YES;
				CLANG_WARN_OBJC_ROOT_CLASS = YES_ERROR;
				CLANG_WARN_UNREACHABLE_CODE = YES;
				CLANG_WARN__DUPLICATE_METHOD_MATCH = YES;
				"CODE_SIGN_IDENTITY[sdk=iphoneos*]" = "iPhone Developer";
				COPY_PHASE_STRIP = NO;
				DEBUG_INFORMATION_FORMAT = "dwarf-with-dsym";
				ENABLE_NS_ASSERTIONS = NO;
				ENABLE_STRICT_OBJC_MSGSEND = YES;
				GCC_C_LANGUAGE_STANDARD = gnu99;
				GCC_NO_COMMON_BLOCKS = YES;
				GCC_WARN_64_TO_32_BIT_CONVERSION = YES;
				GCC_WARN_ABOUT_RETURN_TYPE = YES_ERROR;
				GCC_WARN_UNDECLARED_SELECTOR = YES;
				GCC_WARN_UNINITIALIZED_AUTOS = YES_AGGRESSIVE;
				GCC_WARN_UNUSED_FUNCTION = YES;
				GCC_WARN_UNUSED_VARIABLE = YES;
				IPHONEOS_DEPLOYMENT_TARGET = 8.3;
				MTL_ENABLE_DEBUG_INFO = NO;
				SDKROOT = iphoneos;
				VALIDATE_PRODUCT = YES;
			};
			name = Release;
		};
		188C679F1B098FB300323C03 /* Debug */ = {
			isa = XCBuildConfiguration;
			buildSettings = {
				ASSETCATALOG_COMPILER_APPICON_NAME = AppIcon;
				INFOPLIST_FILE = DKGradingView/Info.plist;
				LD_RUNPATH_SEARCH_PATHS = "$(inherited) @executable_path/Frameworks";
				PRODUCT_NAME = "$(TARGET_NAME)";
			};
			name = Debug;
		};
		188C67A01B098FB300323C03 /* Release */ = {
			isa = XCBuildConfiguration;
			buildSettings = {
				ASSETCATALOG_COMPILER_APPICON_NAME = AppIcon;
				INFOPLIST_FILE = DKGradingView/Info.plist;
				LD_RUNPATH_SEARCH_PATHS = "$(inherited) @executable_path/Frameworks";
				PRODUCT_NAME = "$(TARGET_NAME)";
			};
			name = Release;
		};
		188C67A21B098FB300323C03 /* Debug */ = {
			isa = XCBuildConfiguration;
			buildSettings = {
				BUNDLE_LOADER = "$(TEST_HOST)";
				FRAMEWORK_SEARCH_PATHS = (
					"$(SDKROOT)/Developer/Library/Frameworks",
					"$(inherited)",
				);
				GCC_PREPROCESSOR_DEFINITIONS = (
					"DEBUG=1",
					"$(inherited)",
				);
				INFOPLIST_FILE = DKGradingViewTests/Info.plist;
				LD_RUNPATH_SEARCH_PATHS = "$(inherited) @executable_path/Frameworks @loader_path/Frameworks";
				PRODUCT_NAME = "$(TARGET_NAME)";
				TEST_HOST = "$(BUILT_PRODUCTS_DIR)/DKGradingView.app/DKGradingView";
			};
			name = Debug;
		};
		188C67A31B098FB300323C03 /* Release */ = {
			isa = XCBuildConfiguration;
			buildSettings = {
				BUNDLE_LOADER = "$(TEST_HOST)";
				FRAMEWORK_SEARCH_PATHS = (
					"$(SDKROOT)/Developer/Library/Frameworks",
					"$(inherited)",
				);
				INFOPLIST_FILE = DKGradingViewTests/Info.plist;
				LD_RUNPATH_SEARCH_PATHS = "$(inherited) @executable_path/Frameworks @loader_path/Frameworks";
				PRODUCT_NAME = "$(TARGET_NAME)";
				TEST_HOST = "$(BUILT_PRODUCTS_DIR)/DKGradingView.app/DKGradingView";
			};
			name = Release;
		};
/* End XCBuildConfiguration section */

/* Begin XCConfigurationList section */
		188C67761B098FB300323C03 /* Build configuration list for PBXProject "DKGradingView" */ = {
			isa = XCConfigurationList;
			buildConfigurations = (
				188C679C1B098FB300323C03 /* Debug */,
				188C679D1B098FB300323C03 /* Release */,
			);
			defaultConfigurationIsVisible = 0;
			defaultConfigurationName = Release;
		};
		188C679E1B098FB300323C03 /* Build configuration list for PBXNativeTarget "DKGradingView" */ = {
			isa = XCConfigurationList;
			buildConfigurations = (
				188C679F1B098FB300323C03 /* Debug */,
				188C67A01B098FB300323C03 /* Release */,
			);
			defaultConfigurationIsVisible = 0;
		};
		188C67A11B098FB300323C03 /* Build configuration list for PBXNativeTarget "DKGradingViewTests" */ = {
			isa = XCConfigurationList;
			buildConfigurations = (
				188C67A21B098FB300323C03 /* Debug */,
				188C67A31B098FB300323C03 /* Release */,
			);
			defaultConfigurationIsVisible = 0;
		};
/* End XCConfigurationList section */
	};
	rootObject = 188C67731B098FB300323C03 /* Project object */;
}
